
Microsoft Visual Studio Solution File, Format Version 12.00
# Visual Studio 15
VisualStudioVersion = 15.0.28307.1259
MinimumVisualStudioVersion = 10.0.40219.1
Project("{8BC9CEB8-8B4A-11D0-8D11-00A0C91BC942}") = "SP_LV_9", "SP_LV_9\SP_LV_9.vcxproj", "{A8BA9BA9-6B52-402C-9B7C-0A04E5B6EFDD}"
EndProject
Global
	GlobalSection(SolutionConfigurationPlatforms) = preSolution
		Debug|x64 = Debug|x64
		Debug|x86 = Debug|x86
		Release|x64 = Release|x64
		Release|x86 = Release|x86
	EndGlobalSection
	GlobalSection(ProjectConfigurationPlatforms) = postSolution
		{A8BA9BA9-6B52-402C-9B7C-0A04E5B6EFDD}.Debug|x64.ActiveCfg = Debug|x64
		{A8BA9BA9-6B52-402C-9B7C-0A04E5B6EFDD}.Debug|x64.Build.0 = Debug|x64
		{A8BA9BA9-6B52-402C-9B7C-0A04E5B6EFDD}.Debug|x86.ActiveCfg = Debug|Win32
		{A8BA9BA9-6B52-402C-9B7C-0A04E5B6EFDD}.Debug|x86.Build.0 = Debug|Win32
		{A8BA9BA9-6B52-402C-9B7C-0A04E5B6EFDD}.Release|x64.ActiveCfg = Release|x64
		{A8BA9BA9-6B52-402C-9B7C-0A04E5B6EFDD}.Release|x64.Build.0 = Release|x64
		{A8BA9BA9-6B52-402C-9B7C-0A04E5B6EFDD}.Release|x86.ActiveCfg = Release|Win32
		{A8BA9BA9-6B52-402C-9B7C-0A04E5B6EFDD}.Release|x86.Build.0 = Release|Win32
	EndGlobalSection
	GlobalSection(SolutionProperties) = preSolution
		HideSolutionNode = FALSE
	EndGlobalSection
	GlobalSection(ExtensibilityGlobals) = postSolution
		SolutionGuid = {3153FC4D-B4FA-44CC-91F0-DEC3F35BD0F1}
	EndGlobalSection
EndGlobal
